<Solution>
  <Folder Name="/src/">
    <Project Path="src/VeterinaryApi/VeterinaryApi.csproj" Id="9a9409ff-5a3c-43fc-b4ac-414740b210dc" />
  </Folder>
  <Folder Name="/Tests/">
    <Project Path="Tests/Application.Tests/Application.Tests.csproj" Id="ec1a7528-ff40-4743-aa91-cbac898d34f0" />
  </Folder>
  <Project Path="docker-compose.dcproj">
    <Build />
  </Project>
</Solution>
